// !$*UTF8*$!
{
	archiveVersion = 1;
	classes = {
	};
	objectVersion = 56;
	objects = {

/* Begin PBXBuildFile section */
		6FE3F76729E8BB1000055D21 /* AppDelegate.swift in Sources */ = {isa = PBXBuildFile; fileRef = 6FE3F76629E8BB1000055D21 /* AppDelegate.swift */; };
		6FE3F76929E8BB1000055D21 /* SceneDelegate.swift in Sources */ = {isa = PBXBuildFile; fileRef = 6FE3F76829E8BB1000055D21 /* SceneDelegate.swift */; };
		6FE3F76B29E8BB1000055D21 /* LoginViewController.swift in Sources */ = {isa = PBXBuildFile; fileRef = 6FE3F76A29E8BB1000055D21 /* LoginViewController.swift */; };
		6FE3F76E29E8BB1000055D21 /* Main.storyboard in Resources */ = {isa = PBXBuildFile; fileRef = 6FE3F76C29E8BB1000055D21 /* Main.storyboard */; };
		6FE3F77029E8BB1200055D21 /* Assets.xcassets in Resources */ = {isa = PBXBuildFile; fileRef = 6FE3F76F29E8BB1200055D21 /* Assets.xcassets */; };
		6FE3F77329E8BB1200055D21 /* LaunchScreen.storyboard in Resources */ = {isa = PBXBuildFile; fileRef = 6FE3F77129E8BB1200055D21 /* LaunchScreen.storyboard */; };
		A1F02C8729F857F800C591AB /* DatabaseConnection.swift in Sources */ = {isa = PBXBuildFile; fileRef = A1F02C8629F857F800C591AB /* DatabaseConnection.swift */; };
		A1F02C8B29F861ED00C591AB /* Record.swift in Sources */ = {isa = PBXBuildFile; fileRef = A1F02C8A29F861ED00C591AB /* Record.swift */; };
		A1F02C8D29F8625B00C591AB /* CRUDFactory.swift in Sources */ = {isa = PBXBuildFile; fileRef = A1F02C8C29F8625B00C591AB /* CRUDFactory.swift */; };
		BC61F9262A04767F00350EBE /* NonClusteringMKMarkerAnnotationView.swift in Sources */ = {isa = PBXBuildFile; fileRef = BC61F9252A04767F00350EBE /* NonClusteringMKMarkerAnnotationView.swift */; };
		BCDAE53C29F89B0500384536 /* MainUIViewController.swift in Sources */ = {isa = PBXBuildFile; fileRef = BCDAE53B29F89B0500384536 /* MainUIViewController.swift */; };
		BCDAE53E29F89B2800384536 /* SettingsViewController.swift in Sources */ = {isa = PBXBuildFile; fileRef = BCDAE53D29F89B2800384536 /* SettingsViewController.swift */; };
		BCDAE54029F89B4D00384536 /* AddCowViewController.swift in Sources */ = {isa = PBXBuildFile; fileRef = BCDAE53F29F89B4D00384536 /* AddCowViewController.swift */; };
		BCDAE54229F89B5800384536 /* EditCowViewController.swift in Sources */ = {isa = PBXBuildFile; fileRef = BCDAE54129F89B5800384536 /* EditCowViewController.swift */; };
/* End PBXBuildFile section */

/* Begin PBXFileReference section */
		6FE3F76329E8BB1000055D21 /* ios-app.app */ = {isa = PBXFileReference; explicitFileType = wrapper.application; includeInIndex = 0; path = "ios-app.app"; sourceTree = BUILT_PRODUCTS_DIR; };
		6FE3F76629E8BB1000055D21 /* AppDelegate.swift */ = {isa = PBXFileReference; lastKnownFileType = sourcecode.swift; path = AppDelegate.swift; sourceTree = "<group>"; };
		6FE3F76829E8BB1000055D21 /* SceneDelegate.swift */ = {isa = PBXFileReference; lastKnownFileType = sourcecode.swift; path = SceneDelegate.swift; sourceTree = "<group>"; };
		6FE3F76A29E8BB1000055D21 /* LoginViewController.swift */ = {isa = PBXFileReference; lastKnownFileType = sourcecode.swift; path = LoginViewController.swift; sourceTree = "<group>"; };
		6FE3F76D29E8BB1000055D21 /* Base */ = {isa = PBXFileReference; lastKnownFileType = file.storyboard; name = Base; path = Base.lproj/Main.storyboard; sourceTree = "<group>"; };
		6FE3F76F29E8BB1200055D21 /* Assets.xcassets */ = {isa = PBXFileReference; lastKnownFileType = folder.assetcatalog; path = Assets.xcassets; sourceTree = "<group>"; };
		6FE3F77229E8BB1200055D21 /* Base */ = {isa = PBXFileReference; lastKnownFileType = file.storyboard; name = Base; path = Base.lproj/LaunchScreen.storyboard; sourceTree = "<group>"; };
		6FE3F77429E8BB1200055D21 /* Info.plist */ = {isa = PBXFileReference; lastKnownFileType = text.plist.xml; path = Info.plist; sourceTree = "<group>"; };
		A1F02C8629F857F800C591AB /* DatabaseConnection.swift */ = {isa = PBXFileReference; lastKnownFileType = sourcecode.swift; path = DatabaseConnection.swift; sourceTree = "<group>"; };
		A1F02C8A29F861ED00C591AB /* Record.swift */ = {isa = PBXFileReference; lastKnownFileType = sourcecode.swift; path = Record.swift; sourceTree = "<group>"; };
		A1F02C8C29F8625B00C591AB /* CRUDFactory.swift */ = {isa = PBXFileReference; lastKnownFileType = sourcecode.swift; path = CRUDFactory.swift; sourceTree = "<group>"; };
		BC61F9252A04767F00350EBE /* NonClusteringMKMarkerAnnotationView.swift */ = {isa = PBXFileReference; fileEncoding = 4; lastKnownFileType = sourcecode.swift; path = NonClusteringMKMarkerAnnotationView.swift; sourceTree = "<group>"; };
		BCDAE53B29F89B0500384536 /* MainUIViewController.swift */ = {isa = PBXFileReference; lastKnownFileType = sourcecode.swift; path = MainUIViewController.swift; sourceTree = "<group>"; };
		BCDAE53D29F89B2800384536 /* SettingsViewController.swift */ = {isa = PBXFileReference; lastKnownFileType = sourcecode.swift; path = SettingsViewController.swift; sourceTree = "<group>"; };
		BCDAE53F29F89B4D00384536 /* AddCowViewController.swift */ = {isa = PBXFileReference; lastKnownFileType = sourcecode.swift; path = AddCowViewController.swift; sourceTree = "<group>"; };
		BCDAE54129F89B5800384536 /* EditCowViewController.swift */ = {isa = PBXFileReference; lastKnownFileType = sourcecode.swift; path = EditCowViewController.swift; sourceTree = "<group>"; };
/* End PBXFileReference section */

/* Begin PBXFrameworksBuildPhase section */
		6FE3F76029E8BB1000055D21 /* Frameworks */ = {
			isa = PBXFrameworksBuildPhase;
			buildActionMask = 2147483647;
			files = (
			);
			runOnlyForDeploymentPostprocessing = 0;
		};
/* End PBXFrameworksBuildPhase section */

/* Begin PBXGroup section */
		6FE3F75A29E8BB1000055D21 = {
			isa = PBXGroup;
			children = (
				6FE3F76529E8BB1000055D21 /* ios-app */,
				6FE3F76429E8BB1000055D21 /* Products */,
			);
			sourceTree = "<group>";
		};
		6FE3F76429E8BB1000055D21 /* Products */ = {
			isa = PBXGroup;
			children = (
				6FE3F76329E8BB1000055D21 /* ios-app.app */,
			);
			name = Products;
			sourceTree = "<group>";
		};
		6FE3F76529E8BB1000055D21 /* ios-app */ = {
			isa = PBXGroup;
			children = (
				BC61F9252A04767F00350EBE /* NonClusteringMKMarkerAnnotationView.swift */,
				6FE3F76629E8BB1000055D21 /* AppDelegate.swift */,
				6FE3F76829E8BB1000055D21 /* SceneDelegate.swift */,
				6FE3F76A29E8BB1000055D21 /* LoginViewController.swift */,
				BCDAE53B29F89B0500384536 /* MainUIViewController.swift */,
				BCDAE53F29F89B4D00384536 /* AddCowViewController.swift */,
				BCDAE54129F89B5800384536 /* EditCowViewController.swift */,
				BCDAE53D29F89B2800384536 /* SettingsViewController.swift */,
				6FE3F76C29E8BB1000055D21 /* Main.storyboard */,
				6FE3F76F29E8BB1200055D21 /* Assets.xcassets */,
				6FE3F77129E8BB1200055D21 /* LaunchScreen.storyboard */,
				6FE3F77429E8BB1200055D21 /* Info.plist */,
				A1F02C8629F857F800C591AB /* DatabaseConnection.swift */,
				A1F02C8A29F861ED00C591AB /* Record.swift */,
				A1F02C8C29F8625B00C591AB /* CRUDFactory.swift */,
			);
			path = "ios-app";
			sourceTree = "<group>";
		};
/* End PBXGroup section */

/* Begin PBXNativeTarget section */
		6FE3F76229E8BB1000055D21 /* ios-app */ = {
			isa = PBXNativeTarget;
			buildConfigurationList = 6FE3F77729E8BB1200055D21 /* Build configuration list for PBXNativeTarget "ios-app" */;
			buildPhases = (
				6FE3F75F29E8BB1000055D21 /* Sources */,
				6FE3F76029E8BB1000055D21 /* Frameworks */,
				6FE3F76129E8BB1000055D21 /* Resources */,
			);
			buildRules = (
			);
			dependencies = (
			);
			name = "ios-app";
			productName = "ios-app";
			productReference = 6FE3F76329E8BB1000055D21 /* ios-app.app */;
			productType = "com.apple.product-type.application";
		};
/* End PBXNativeTarget section */

/* Begin PBXProject section */
		6FE3F75B29E8BB1000055D21 /* Project object */ = {
			isa = PBXProject;
			attributes = {
				BuildIndependentTargetsInParallel = 1;
				LastSwiftUpdateCheck = 1430;
				LastUpgradeCheck = 1430;
				TargetAttributes = {
					6FE3F76229E8BB1000055D21 = {
						CreatedOnToolsVersion = 14.3;
					};
				};
			};
			buildConfigurationList = 6FE3F75E29E8BB1000055D21 /* Build configuration list for PBXProject "ios-app" */;
			compatibilityVersion = "Xcode 14.0";
			developmentRegion = en;
			hasScannedForEncodings = 0;
			knownRegions = (
				en,
				Base,
			);
			mainGroup = 6FE3F75A29E8BB1000055D21;
			productRefGroup = 6FE3F76429E8BB1000055D21 /* Products */;
			projectDirPath = "";
			projectRoot = "";
			targets = (
				6FE3F76229E8BB1000055D21 /* ios-app */,
			);
		};
/* End PBXProject section */

/* Begin PBXResourcesBuildPhase section */
		6FE3F76129E8BB1000055D21 /* Resources */ = {
			isa = PBXResourcesBuildPhase;
			buildActionMask = 2147483647;
			files = (
				6FE3F77329E8BB1200055D21 /* LaunchScreen.storyboard in Resources */,
				6FE3F77029E8BB1200055D21 /* Assets.xcassets in Resources */,
				6FE3F76E29E8BB1000055D21 /* Main.storyboard in Resources */,
			);
			runOnlyForDeploymentPostprocessing = 0;
		};
/* End PBXResourcesBuildPhase section */

/* Begin PBXSourcesBuildPhase section */
		6FE3F75F29E8BB1000055D21 /* Sources */ = {
			isa = PBXSourcesBuildPhase;
			buildActionMask = 2147483647;
			files = (
				BC61F9262A04767F00350EBE /* NonClusteringMKMarkerAnnotationView.swift in Sources */,
				BCDAE53C29F89B0500384536 /* MainUIViewController.swift in Sources */,
				A1F02C8D29F8625B00C591AB /* CRUDFactory.swift in Sources */,
				A1F02C8729F857F800C591AB /* DatabaseConnection.swift in Sources */,
				6FE3F76B29E8BB1000055D21 /* LoginViewController.swift in Sources */,
				BCDAE54229F89B5800384536 /* EditCowViewController.swift in Sources */,
				A1F02C8B29F861ED00C591AB /* Record.swift in Sources */,
				6FE3F76729E8BB1000055D21 /* AppDelegate.swift in Sources */,
				BCDAE54029F89B4D00384536 /* AddCowViewController.swift in Sources */,
				6FE3F76929E8BB1000055D21 /* SceneDelegate.swift in Sources */,
				BCDAE53E29F89B2800384536 /* SettingsViewController.swift in Sources */,
			);
			runOnlyForDeploymentPostprocessing = 0;
		};
/* End PBXSourcesBuildPhase section */

/* Begin PBXVariantGroup section */
		6FE3F76C29E8BB1000055D21 /* Main.storyboard */ = {
			isa = PBXVariantGroup;
			children = (
				6FE3F76D29E8BB1000055D21 /* Base */,
			);
			name = Main.storyboard;
			sourceTree = "<group>";
		};
		6FE3F77129E8BB1200055D21 /* LaunchScreen.storyboard */ = {
			isa = PBXVariantGroup;
			children = (
				6FE3F77229E8BB1200055D21 /* Base */,
			);
			name = LaunchScreen.storyboard;
			sourceTree = "<group>";
		};
/* End PBXVariantGroup section */

/* Begin XCBuildConfiguration section */
		6FE3F77529E8BB1200055D21 /* Debug */ = {
			isa = XCBuildConfiguration;
			buildSettings = {
				ALWAYS_SEARCH_USER_PATHS = NO;
				CLANG_ANALYZER_NONNULL = YES;
				CLANG_ANALYZER_NUMBER_OBJECT_CONVERSION = YES_AGGRESSIVE;
				CLANG_CXX_LANGUAGE_STANDARD = "gnu++20";
				CLANG_ENABLE_MODULES = YES;
				CLANG_ENABLE_OBJC_ARC = YES;
				CLANG_ENABLE_OBJC_WEAK = YES;
				CLANG_WARN_BLOCK_CAPTURE_AUTORELEASING = YES;
				CLANG_WARN_BOOL_CONVERSION = YES;
				CLANG_WARN_COMMA = YES;
				CLANG_WARN_CONSTANT_CONVERSION = YES;
				CLANG_WARN_DEPRECATED_OBJC_IMPLEMENTATIONS = YES;
				CLANG_WARN_DIRECT_OBJC_ISA_USAGE = YES_ERROR;
				CLANG_WARN_DOCUMENTATION_COMMENTS = YES;
				CLANG_WARN_EMPTY_BODY = YES;
				CLANG_WARN_ENUM_CONVERSION = YES;
				CLANG_WARN_INFINITE_RECURSION = YES;
				CLANG_WARN_INT_CONVERSION = YES;
				CLANG_WARN_NON_LITERAL_NULL_CONVERSION = YES;
				CLANG_WARN_OBJC_IMPLICIT_RETAIN_SELF = YES;
				CLANG_WARN_OBJC_LITERAL_CONVERSION = YES;
				CLANG_WARN_OBJC_ROOT_CLASS = YES_ERROR;
				CLANG_WARN_QUOTED_INCLUDE_IN_FRAMEWORK_HEADER = YES;
				CLANG_WARN_RANGE_LOOP_ANALYSIS = YES;
				CLANG_WARN_STRICT_PROTOTYPES = YES;
				CLANG_WARN_SUSPICIOUS_MOVE = YES;
				CLANG_WARN_UNGUARDED_AVAILABILITY = YES_AGGRESSIVE;
				CLANG_WARN_UNREACHABLE_CODE = YES;
				CLANG_WARN__DUPLICATE_METHOD_MATCH = YES;
				COPY_PHASE_STRIP = NO;
				DEBUG_INFORMATION_FORMAT = dwarf;
				ENABLE_STRICT_OBJC_MSGSEND = YES;
				ENABLE_TESTABILITY = YES;
				GCC_C_LANGUAGE_STANDARD = gnu11;
				GCC_DYNAMIC_NO_PIC = NO;
				GCC_NO_COMMON_BLOCKS = YES;
				GCC_OPTIMIZATION_LEVEL = 0;
				GCC_PREPROCESSOR_DEFINITIONS = (
					"DEBUG=1",
					"$(inherited)",
				);
				GCC_WARN_64_TO_32_BIT_CONVERSION = YES;
				GCC_WARN_ABOUT_RETURN_TYPE = YES_ERROR;
				GCC_WARN_UNDECLARED_SELECTOR = YES;
				GCC_WARN_UNINITIALIZED_AUTOS = YES_AGGRESSIVE;
				GCC_WARN_UNUSED_FUNCTION = YES;
				GCC_WARN_UNUSED_VARIABLE = YES;
				IPHONEOS_DEPLOYMENT_TARGET = 16.4;
				MTL_ENABLE_DEBUG_INFO = INCLUDE_SOURCE;
				MTL_FAST_MATH = YES;
				ONLY_ACTIVE_ARCH = YES;
				SDKROOT = iphoneos;
				SWIFT_ACTIVE_COMPILATION_CONDITIONS = DEBUG;
				SWIFT_OPTIMIZATION_LEVEL = "-Onone";
			};
			name = Debug;
		};
		6FE3F77629E8BB1200055D21 /* Release */ = {
			isa = XCBuildConfiguration;
			buildSettings = {
				ALWAYS_SEARCH_USER_PATHS = NO;
				CLANG_ANALYZER_NONNULL = YES;
				CLANG_ANALYZER_NUMBER_OBJECT_CONVERSION = YES_AGGRESSIVE;
				CLANG_CXX_LANGUAGE_STANDARD = "gnu++20";
				CLANG_ENABLE_MODULES = YES;
				CLANG_ENABLE_OBJC_ARC = YES;
				CLANG_ENABLE_OBJC_WEAK = YES;
				CLANG_WARN_BLOCK_CAPTURE_AUTORELEASING = YES;
				CLANG_WARN_BOOL_CONVERSION = YES;
				CLANG_WARN_COMMA = YES;
				CLANG_WARN_CONSTANT_CONVERSION = YES;
				CLANG_WARN_DEPRECATED_OBJC_IMPLEMENTATIONS = YES;
				CLANG_WARN_DIRECT_OBJC_ISA_USAGE = YES_ERROR;
				CLANG_WARN_DOCUMENTATION_COMMENTS = YES;
				CLANG_WARN_EMPTY_BODY = YES;
				CLANG_WARN_ENUM_CONVERSION = YES;
				CLANG_WARN_INFINITE_RECURSION = YES;
				CLANG_WARN_INT_CONVERSION = YES;
				CLANG_WARN_NON_LITERAL_NULL_CONVERSION = YES;
				CLANG_WARN_OBJC_IMPLICIT_RETAIN_SELF = YES;
				CLANG_WARN_OBJC_LITERAL_CONVERSION = YES;
				CLANG_WARN_OBJC_ROOT_CLASS = YES_ERROR;
				CLANG_WARN_QUOTED_INCLUDE_IN_FRAMEWORK_HEADER = YES;
				CLANG_WARN_RANGE_LOOP_ANALYSIS = YES;
				CLANG_WARN_STRICT_PROTOTYPES = YES;
				CLANG_WARN_SUSPICIOUS_MOVE = YES;
				CLANG_WARN_UNGUARDED_AVAILABILITY = YES_AGGRESSIVE;
				CLANG_WARN_UNREACHABLE_CODE = YES;
				CLANG_WARN__DUPLICATE_METHOD_MATCH = YES;
				COPY_PHASE_STRIP = NO;
				DEBUG_INFORMATION_FORMAT = "dwarf-with-dsym";
				ENABLE_NS_ASSERTIONS = NO;
				ENABLE_STRICT_OBJC_MSGSEND = YES;
				GCC_C_LANGUAGE_STANDARD = gnu11;
				GCC_NO_COMMON_BLOCKS = YES;
				GCC_WARN_64_TO_32_BIT_CONVERSION = YES;
				GCC_WARN_ABOUT_RETURN_TYPE = YES_ERROR;
				GCC_WARN_UNDECLARED_SELECTOR = YES;
				GCC_WARN_UNINITIALIZED_AUTOS = YES_AGGRESSIVE;
				GCC_WARN_UNUSED_FUNCTION = YES;
				GCC_WARN_UNUSED_VARIABLE = YES;
				IPHONEOS_DEPLOYMENT_TARGET = 16.4;
				MTL_ENABLE_DEBUG_INFO = NO;
				MTL_FAST_MATH = YES;
				SDKROOT = iphoneos;
				SWIFT_COMPILATION_MODE = wholemodule;
				SWIFT_OPTIMIZATION_LEVEL = "-O";
				VALIDATE_PRODUCT = YES;
			};
			name = Release;
		};
		6FE3F77829E8BB1200055D21 /* Debug */ = {
			isa = XCBuildConfiguration;
			buildSettings = {
				ASSETCATALOG_COMPILER_APPICON_NAME = AppIcon;
				ASSETCATALOG_COMPILER_GLOBAL_ACCENT_COLOR_NAME = AccentColor;
				CODE_SIGN_STYLE = Automatic;
				CURRENT_PROJECT_VERSION = 1;
				GENERATE_INFOPLIST_FILE = YES;
				INFOPLIST_FILE = "ios-app/Info.plist";
				INFOPLIST_KEY_UIApplicationSupportsIndirectInputEvents = YES;
				INFOPLIST_KEY_UILaunchStoryboardName = LaunchScreen;
				INFOPLIST_KEY_UIMainStoryboardFile = Main;
				INFOPLIST_KEY_UISupportedInterfaceOrientations_iPad = "UIInterfaceOrientationPortrait UIInterfaceOrientationPortraitUpsideDown UIInterfaceOrientationLandscapeLeft UIInterfaceOrientationLandscapeRight";
				INFOPLIST_KEY_UISupportedInterfaceOrientations_iPhone = UIInterfaceOrientationPortrait;
				IPHONEOS_DEPLOYMENT_TARGET = 16.2;
				LD_RUNPATH_SEARCH_PATHS = (
					"$(inherited)",
					"@executable_path/Frameworks",
				);
				MARKETING_VERSION = 1.0;
				PRODUCT_BUNDLE_IDENTIFIER = "com.corraltech.ios-app";
				PRODUCT_NAME = "$(TARGET_NAME)";
				SWIFT_EMIT_LOC_STRINGS = YES;
				SWIFT_VERSION = 5.0;
				TARGETED_DEVICE_FAMILY = "1,2";
			};
			name = Debug;
		};
		6FE3F77929E8BB1200055D21 /* Release */ = {
			isa = XCBuildConfiguration;
			buildSettings = {
				ASSETCATALOG_COMPILER_APPICON_NAME = AppIcon;
				ASSETCATALOG_COMPILER_GLOBAL_ACCENT_COLOR_NAME = AccentColor;
				CODE_SIGN_STYLE = Automatic;
				CURRENT_PROJECT_VERSION = 1;
				GENERATE_INFOPLIST_FILE = YES;
				INFOPLIST_FILE = "ios-app/Info.plist";
				INFOPLIST_KEY_UIApplicationSupportsIndirectInputEvents = YES;
				INFOPLIST_KEY_UILaunchStoryboardName = LaunchScreen;
				INFOPLIST_KEY_UIMainStoryboardFile = Main;
				INFOPLIST_KEY_UISupportedInterfaceOrientations_iPad = "UIInterfaceOrientationPortrait UIInterfaceOrientationPortraitUpsideDown UIInterfaceOrientationLandscapeLeft UIInterfaceOrientationLandscapeRight";
				INFOPLIST_KEY_UISupportedInterfaceOrientations_iPhone = UIInterfaceOrientationPortrait;
				IPHONEOS_DEPLOYMENT_TARGET = 16.2;
				LD_RUNPATH_SEARCH_PATHS = (
					"$(inherited)",
					"@executable_path/Frameworks",
				);
				MARKETING_VERSION = 1.0;
				PRODUCT_BUNDLE_IDENTIFIER = "com.corraltech.ios-app";
				PRODUCT_NAME = "$(TARGET_NAME)";
				SWIFT_EMIT_LOC_STRINGS = YES;
				SWIFT_VERSION = 5.0;
				TARGETED_DEVICE_FAMILY = "1,2";
			};
			name = Release;
		};
/* End XCBuildConfiguration section */

/* Begin XCConfigurationList section */
		6FE3F75E29E8BB1000055D21 /* Build configuration list for PBXProject "ios-app" */ = {
			isa = XCConfigurationList;
			buildConfigurations = (
				6FE3F77529E8BB1200055D21 /* Debug */,
				6FE3F77629E8BB1200055D21 /* Release */,
			);
			defaultConfigurationIsVisible = 0;
			defaultConfigurationName = Release;
		};
		6FE3F77729E8BB1200055D21 /* Build configuration list for PBXNativeTarget "ios-app" */ = {
			isa = XCConfigurationList;
			buildConfigurations = (
				6FE3F77829E8BB1200055D21 /* Debug */,
				6FE3F77929E8BB1200055D21 /* Release */,
			);
			defaultConfigurationIsVisible = 0;
			defaultConfigurationName = Release;
		};
/* End XCConfigurationList section */
	};
	rootObject = 6FE3F75B29E8BB1000055D21 /* Project object */;
}
